// !$*UTF8*$!
{
	archiveVersion = 1;
	classes = {
	};
	objectVersion = 56;
	objects = {

/* Begin PBXBuildFile section */
		39C60418292769CF00A2B1D8 /* tedt_App.swift in Sources */ = {isa = PBXBuildFile; fileRef = 39C60417292769CF00A2B1D8 /* tedt_App.swift */; };
		39C6041A292769CF00A2B1D8 /* ContentView.swift in Sources */ = {isa = PBXBuildFile; fileRef = 39C60419292769CF00A2B1D8 /* ContentView.swift */; };
		39C6041C292769D100A2B1D8 /* Assets.xcassets in Resources */ = {isa = PBXBuildFile; fileRef = 39C6041B292769D100A2B1D8 /* Assets.xcassets */; };
		39C60420292769D100A2B1D8 /* Preview Assets.xcassets in Resources */ = {isa = PBXBuildFile; fileRef = 39C6041F292769D100A2B1D8 /* Preview Assets.xcassets */; };
		39C6042A292769D200A2B1D8 /* tedt_Tests.swift in Sources */ = {isa = PBXBuildFile; fileRef = 39C60429292769D200A2B1D8 /* tedt_Tests.swift */; };
		39C60434292769D200A2B1D8 /* tedt_UITests.swift in Sources */ = {isa = PBXBuildFile; fileRef = 39C60433292769D200A2B1D8 /* tedt_UITests.swift */; };
		39C60436292769D200A2B1D8 /* tedt_UITestsLaunchTests.swift in Sources */ = {isa = PBXBuildFile; fileRef = 39C60435292769D200A2B1D8 /* tedt_UITestsLaunchTests.swift */; };
/* End PBXBuildFile section */

/* Begin PBXContainerItemProxy section */
		39C60426292769D200A2B1D8 /* PBXContainerItemProxy */ = {
			isa = PBXContainerItemProxy;
			containerPortal = 39C6040C292769CE00A2B1D8 /* Project object */;
			proxyType = 1;
			remoteGlobalIDString = 39C60413292769CF00A2B1D8;
			remoteInfo = "tedt\\";
		};
		39C60430292769D200A2B1D8 /* PBXContainerItemProxy */ = {
			isa = PBXContainerItemProxy;
			containerPortal = 39C6040C292769CE00A2B1D8 /* Project object */;
			proxyType = 1;
			remoteGlobalIDString = 39C60413292769CF00A2B1D8;
			remoteInfo = "tedt\\";
		};
/* End PBXContainerItemProxy section */

/* Begin PBXFileReference section */
		39C60414292769CF00A2B1D8 /* tedt\.app */ = {isa = PBXFileReference; explicitFileType = wrapper.application; includeInIndex = 0; path = "tedt\\.app"; sourceTree = BUILT_PRODUCTS_DIR; };
		39C60417292769CF00A2B1D8 /* tedt_App.swift */ = {isa = PBXFileReference; lastKnownFileType = sourcecode.swift; path = tedt_App.swift; sourceTree = "<group>"; };
		39C60419292769CF00A2B1D8 /* ContentView.swift */ = {isa = PBXFileReference; lastKnownFileType = sourcecode.swift; path = ContentView.swift; sourceTree = "<group>"; };
		39C6041B292769D100A2B1D8 /* Assets.xcassets */ = {isa = PBXFileReference; lastKnownFileType = folder.assetcatalog; path = Assets.xcassets; sourceTree = "<group>"; };
		39C6041D292769D100A2B1D8 /* tedt_.entitlements */ = {isa = PBXFileReference; lastKnownFileType = text.plist.entitlements; path = tedt_.entitlements; sourceTree = "<group>"; };
		39C6041F292769D100A2B1D8 /* Preview Assets.xcassets */ = {isa = PBXFileReference; lastKnownFileType = folder.assetcatalog; path = "Preview Assets.xcassets"; sourceTree = "<group>"; };
		39C60425292769D200A2B1D8 /* tedt\Tests.xctest */ = {isa = PBXFileReference; explicitFileType = wrapper.cfbundle; includeInIndex = 0; path = "tedt\\Tests.xctest"; sourceTree = BUILT_PRODUCTS_DIR; };
		39C60429292769D200A2B1D8 /* tedt_Tests.swift */ = {isa = PBXFileReference; lastKnownFileType = sourcecode.swift; path = tedt_Tests.swift; sourceTree = "<group>"; };
		39C6042F292769D200A2B1D8 /* tedt\UITests.xctest */ = {isa = PBXFileReference; explicitFileType = wrapper.cfbundle; includeInIndex = 0; path = "tedt\\UITests.xctest"; sourceTree = BUILT_PRODUCTS_DIR; };
		39C60433292769D200A2B1D8 /* tedt_UITests.swift */ = {isa = PBXFileReference; lastKnownFileType = sourcecode.swift; path = tedt_UITests.swift; sourceTree = "<group>"; };
		39C60435292769D200A2B1D8 /* tedt_UITestsLaunchTests.swift */ = {isa = PBXFileReference; lastKnownFileType = sourcecode.swift; path = tedt_UITestsLaunchTests.swift; sourceTree = "<group>"; };
/* End PBXFileReference section */

/* Begin PBXFrameworksBuildPhase section */
		39C60411292769CF00A2B1D8 /* Frameworks */ = {
			isa = PBXFrameworksBuildPhase;
			buildActionMask = 2147483647;
			files = (
			);
			runOnlyForDeploymentPostprocessing = 0;
		};
		39C60422292769D200A2B1D8 /* Frameworks */ = {
			isa = PBXFrameworksBuildPhase;
			buildActionMask = 2147483647;
			files = (
			);
			runOnlyForDeploymentPostprocessing = 0;
		};
		39C6042C292769D200A2B1D8 /* Frameworks */ = {
			isa = PBXFrameworksBuildPhase;
			buildActionMask = 2147483647;
			files = (
			);
			runOnlyForDeploymentPostprocessing = 0;
		};
/* End PBXFrameworksBuildPhase section */

/* Begin PBXGroup section */
		39C6040B292769CE00A2B1D8 = {
			isa = PBXGroup;
			children = (
				39C60416292769CF00A2B1D8 /* tedt\ */,
				39C60428292769D200A2B1D8 /* tedt\Tests */,
				39C60432292769D200A2B1D8 /* tedt\UITests */,
				39C60415292769CF00A2B1D8 /* Products */,
			);
			sourceTree = "<group>";
		};
		39C60415292769CF00A2B1D8 /* Products */ = {
			isa = PBXGroup;
			children = (
				39C60414292769CF00A2B1D8 /* tedt\.app */,
				39C60425292769D200A2B1D8 /* tedt\Tests.xctest */,
				39C6042F292769D200A2B1D8 /* tedt\UITests.xctest */,
			);
			name = Products;
			sourceTree = "<group>";
		};
		39C60416292769CF00A2B1D8 /* tedt\ */ = {
			isa = PBXGroup;
			children = (
				39C60417292769CF00A2B1D8 /* tedt_App.swift */,
				39C60419292769CF00A2B1D8 /* ContentView.swift */,
				39C6041B292769D100A2B1D8 /* Assets.xcassets */,
				39C6041D292769D100A2B1D8 /* tedt_.entitlements */,
				39C6041E292769D100A2B1D8 /* Preview Content */,
			);
			path = "tedt\\";
			sourceTree = "<group>";
		};
		39C6041E292769D100A2B1D8 /* Preview Content */ = {
			isa = PBXGroup;
			children = (
				39C6041F292769D100A2B1D8 /* Preview Assets.xcassets */,
			);
			path = "Preview Content";
			sourceTree = "<group>";
		};
		39C60428292769D200A2B1D8 /* tedt\Tests */ = {
			isa = PBXGroup;
			children = (
				39C60429292769D200A2B1D8 /* tedt_Tests.swift */,
			);
			path = "tedt\\Tests";
			sourceTree = "<group>";
		};
		39C60432292769D200A2B1D8 /* tedt\UITests */ = {
			isa = PBXGroup;
			children = (
				39C60433292769D200A2B1D8 /* tedt_UITests.swift */,
				39C60435292769D200A2B1D8 /* tedt_UITestsLaunchTests.swift */,
			);
			path = "tedt\\UITests";
			sourceTree = "<group>";
		};
/* End PBXGroup section */

/* Begin PBXNativeTarget section */
		39C60413292769CF00A2B1D8 /* tedt\ */ = {
			isa = PBXNativeTarget;
			buildConfigurationList = 39C60439292769D200A2B1D8 /* Build configuration list for PBXNativeTarget "tedt\" */;
			buildPhases = (
				39C60410292769CF00A2B1D8 /* Sources */,
				39C60411292769CF00A2B1D8 /* Frameworks */,
				39C60412292769CF00A2B1D8 /* Resources */,
			);
			buildRules = (
			);
			dependencies = (
			);
			name = "tedt\\";
			productName = "tedt\\";
			productReference = 39C60414292769CF00A2B1D8 /* tedt\.app */;
			productType = "com.apple.product-type.application";
		};
		39C60424292769D200A2B1D8 /* tedt\Tests */ = {
			isa = PBXNativeTarget;
			buildConfigurationList = 39C6043C292769D200A2B1D8 /* Build configuration list for PBXNativeTarget "tedt\Tests" */;
			buildPhases = (
				39C60421292769D200A2B1D8 /* Sources */,
				39C60422292769D200A2B1D8 /* Frameworks */,
				39C60423292769D200A2B1D8 /* Resources */,
			);
			buildRules = (
			);
			dependencies = (
				39C60427292769D200A2B1D8 /* PBXTargetDependency */,
			);
			name = "tedt\\Tests";
			productName = "tedt\\Tests";
			productReference = 39C60425292769D200A2B1D8 /* tedt\Tests.xctest */;
			productType = "com.apple.product-type.bundle.unit-test";
		};
		39C6042E292769D200A2B1D8 /* tedt\UITests */ = {
			isa = PBXNativeTarget;
			buildConfigurationList = 39C6043F292769D200A2B1D8 /* Build configuration list for PBXNativeTarget "tedt\UITests" */;
			buildPhases = (
				39C6042B292769D200A2B1D8 /* Sources */,
				39C6042C292769D200A2B1D8 /* Frameworks */,
				39C6042D292769D200A2B1D8 /* Resources */,
			);
			buildRules = (
			);
			dependencies = (
				39C60431292769D200A2B1D8 /* PBXTargetDependency */,
			);
			name = "tedt\\UITests";
			productName = "tedt\\UITests";
			productReference = 39C6042F292769D200A2B1D8 /* tedt\UITests.xctest */;
			productType = "com.apple.product-type.bundle.ui-testing";
		};
/* End PBXNativeTarget section */

/* Begin PBXProject section */
		39C6040C292769CE00A2B1D8 /* Project object */ = {
			isa = PBXProject;
			attributes = {
				BuildIndependentTargetsInParallel = 1;
				LastSwiftUpdateCheck = 1410;
				LastUpgradeCheck = 1410;
				TargetAttributes = {
					39C60413292769CF00A2B1D8 = {
						CreatedOnToolsVersion = 14.1;
					};
					39C60424292769D200A2B1D8 = {
						CreatedOnToolsVersion = 14.1;
						TestTargetID = 39C60413292769CF00A2B1D8;
					};
					39C6042E292769D200A2B1D8 = {
						CreatedOnToolsVersion = 14.1;
						TestTargetID = 39C60413292769CF00A2B1D8;
					};
				};
			};
			buildConfigurationList = 39C6040F292769CE00A2B1D8 /* Build configuration list for PBXProject "tedt\" */;
			compatibilityVersion = "Xcode 14.0";
			developmentRegion = en;
			hasScannedForEncodings = 0;
			knownRegions = (
				en,
				Base,
			);
			mainGroup = 39C6040B292769CE00A2B1D8;
			productRefGroup = 39C60415292769CF00A2B1D8 /* Products */;
			projectDirPath = "";
			projectRoot = "";
			targets = (
				39C60413292769CF00A2B1D8 /* tedt\ */,
				39C60424292769D200A2B1D8 /* tedt\Tests */,
				39C6042E292769D200A2B1D8 /* tedt\UITests */,
			);
		};
/* End PBXProject section */

/* Begin PBXResourcesBuildPhase section */
		39C60412292769CF00A2B1D8 /* Resources */ = {
			isa = PBXResourcesBuildPhase;
			buildActionMask = 2147483647;
			files = (
				39C60420292769D100A2B1D8 /* Preview Assets.xcassets in Resources */,
				39C6041C292769D100A2B1D8 /* Assets.xcassets in Resources */,
			);
			runOnlyForDeploymentPostprocessing = 0;
		};
		39C60423292769D200A2B1D8 /* Resources */ = {
			isa = PBXResourcesBuildPhase;
			buildActionMask = 2147483647;
			files = (
			);
			runOnlyForDeploymentPostprocessing = 0;
		};
		39C6042D292769D200A2B1D8 /* Resources */ = {
			isa = PBXResourcesBuildPhase;
			buildActionMask = 2147483647;
			files = (
			);
			runOnlyForDeploymentPostprocessing = 0;
		};
/* End PBXResourcesBuildPhase section */

/* Begin PBXSourcesBuildPhase section */
		39C60410292769CF00A2B1D8 /* Sources */ = {
			isa = PBXSourcesBuildPhase;
			buildActionMask = 2147483647;
			files = (
				39C6041A292769CF00A2B1D8 /* ContentView.swift in Sources */,
				39C60418292769CF00A2B1D8 /* tedt_App.swift in Sources */,
			);
			runOnlyForDeploymentPostprocessing = 0;
		};
		39C60421292769D200A2B1D8 /* Sources */ = {
			isa = PBXSourcesBuildPhase;
			buildActionMask = 2147483647;
			files = (
				39C6042A292769D200A2B1D8 /* tedt_Tests.swift in Sources */,
			);
			runOnlyForDeploymentPostprocessing = 0;
		};
		39C6042B292769D200A2B1D8 /* Sources */ = {
			isa = PBXSourcesBuildPhase;
			buildActionMask = 2147483647;
			files = (
				39C60434292769D200A2B1D8 /* tedt_UITests.swift in Sources */,
				39C60436292769D200A2B1D8 /* tedt_UITestsLaunchTests.swift in Sources */,
			);
			runOnlyForDeploymentPostprocessing = 0;
		};
/* End PBXSourcesBuildPhase section */

/* Begin PBXTargetDependency section */
		39C60427292769D200A2B1D8 /* PBXTargetDependency */ = {
			isa = PBXTargetDependency;
			target = 39C60413292769CF00A2B1D8 /* tedt\ */;
			targetProxy = 39C60426292769D200A2B1D8 /* PBXContainerItemProxy */;
		};
		39C60431292769D200A2B1D8 /* PBXTargetDependency */ = {
			isa = PBXTargetDependency;
			target = 39C60413292769CF00A2B1D8 /* tedt\ */;
			targetProxy = 39C60430292769D200A2B1D8 /* PBXContainerItemProxy */;
		};
/* End PBXTargetDependency section */

/* Begin XCBuildConfiguration section */
		39C60437292769D200A2B1D8 /* Debug */ = {
			isa = XCBuildConfiguration;
			buildSettings = {
				ALWAYS_SEARCH_USER_PATHS = NO;
				CLANG_ANALYZER_NONNULL = YES;
				CLANG_ANALYZER_NUMBER_OBJECT_CONVERSION = YES_AGGRESSIVE;
				CLANG_CXX_LANGUAGE_STANDARD = "gnu++20";
				CLANG_ENABLE_MODULES = YES;
				CLANG_ENABLE_OBJC_ARC = YES;
				CLANG_ENABLE_OBJC_WEAK = YES;
				CLANG_WARN_BLOCK_CAPTURE_AUTORELEASING = YES;
				CLANG_WARN_BOOL_CONVERSION = YES;
				CLANG_WARN_COMMA = YES;
				CLANG_WARN_CONSTANT_CONVERSION = YES;
				CLANG_WARN_DEPRECATED_OBJC_IMPLEMENTATIONS = YES;
				CLANG_WARN_DIRECT_OBJC_ISA_USAGE = YES_ERROR;
				CLANG_WARN_DOCUMENTATION_COMMENTS = YES;
				CLANG_WARN_EMPTY_BODY = YES;
				CLANG_WARN_ENUM_CONVERSION = YES;
				CLANG_WARN_INFINITE_RECURSION = YES;
				CLANG_WARN_INT_CONVERSION = YES;
				CLANG_WARN_NON_LITERAL_NULL_CONVERSION = YES;
				CLANG_WARN_OBJC_IMPLICIT_RETAIN_SELF = YES;
				CLANG_WARN_OBJC_LITERAL_CONVERSION = YES;
				CLANG_WARN_OBJC_ROOT_CLASS = YES_ERROR;
				CLANG_WARN_QUOTED_INCLUDE_IN_FRAMEWORK_HEADER = YES;
				CLANG_WARN_RANGE_LOOP_ANALYSIS = YES;
				CLANG_WARN_STRICT_PROTOTYPES = YES;
				CLANG_WARN_SUSPICIOUS_MOVE = YES;
				CLANG_WARN_UNGUARDED_AVAILABILITY = YES_AGGRESSIVE;
				CLANG_WARN_UNREACHABLE_CODE = YES;
				CLANG_WARN__DUPLICATE_METHOD_MATCH = YES;
				COPY_PHASE_STRIP = NO;
				DEBUG_INFORMATION_FORMAT = dwarf;
				ENABLE_STRICT_OBJC_MSGSEND = YES;
				ENABLE_TESTABILITY = YES;
				GCC_C_LANGUAGE_STANDARD = gnu11;
				GCC_DYNAMIC_NO_PIC = NO;
				GCC_NO_COMMON_BLOCKS = YES;
				GCC_OPTIMIZATION_LEVEL = 0;
				GCC_PREPROCESSOR_DEFINITIONS = (
					"DEBUG=1",
					"$(inherited)",
				);
				GCC_WARN_64_TO_32_BIT_CONVERSION = YES;
				GCC_WARN_ABOUT_RETURN_TYPE = YES_ERROR;
				GCC_WARN_UNDECLARED_SELECTOR = YES;
				GCC_WARN_UNINITIALIZED_AUTOS = YES_AGGRESSIVE;
				GCC_WARN_UNUSED_FUNCTION = YES;
				GCC_WARN_UNUSED_VARIABLE = YES;
				MTL_ENABLE_DEBUG_INFO = INCLUDE_SOURCE;
				MTL_FAST_MATH = YES;
				ONLY_ACTIVE_ARCH = YES;
				SWIFT_ACTIVE_COMPILATION_CONDITIONS = DEBUG;
				SWIFT_OPTIMIZATION_LEVEL = "-Onone";
			};
			name = Debug;
		};
		39C60438292769D200A2B1D8 /* Release */ = {
			isa = XCBuildConfiguration;
			buildSettings = {
				ALWAYS_SEARCH_USER_PATHS = NO;
				CLANG_ANALYZER_NONNULL = YES;
				CLANG_ANALYZER_NUMBER_OBJECT_CONVERSION = YES_AGGRESSIVE;
				CLANG_CXX_LANGUAGE_STANDARD = "gnu++20";
				CLANG_ENABLE_MODULES = YES;
				CLANG_ENABLE_OBJC_ARC = YES;
				CLANG_ENABLE_OBJC_WEAK = YES;
				CLANG_WARN_BLOCK_CAPTURE_AUTORELEASING = YES;
				CLANG_WARN_BOOL_CONVERSION = YES;
				CLANG_WARN_COMMA = YES;
				CLANG_WARN_CONSTANT_CONVERSION = YES;
				CLANG_WARN_DEPRECATED_OBJC_IMPLEMENTATIONS = YES;
				CLANG_WARN_DIRECT_OBJC_ISA_USAGE = YES_ERROR;
				CLANG_WARN_DOCUMENTATION_COMMENTS = YES;
				CLANG_WARN_EMPTY_BODY = YES;
				CLANG_WARN_ENUM_CONVERSION = YES;
				CLANG_WARN_INFINITE_RECURSION = YES;
				CLANG_WARN_INT_CONVERSION = YES;
				CLANG_WARN_NON_LITERAL_NULL_CONVERSION = YES;
				CLANG_WARN_OBJC_IMPLICIT_RETAIN_SELF = YES;
				CLANG_WARN_OBJC_LITERAL_CONVERSION = YES;
				CLANG_WARN_OBJC_ROOT_CLASS = YES_ERROR;
				CLANG_WARN_QUOTED_INCLUDE_IN_FRAMEWORK_HEADER = YES;
				CLANG_WARN_RANGE_LOOP_ANALYSIS = YES;
				CLANG_WARN_STRICT_PROTOTYPES = YES;
				CLANG_WARN_SUSPICIOUS_MOVE = YES;
				CLANG_WARN_UNGUARDED_AVAILABILITY = YES_AGGRESSIVE;
				CLANG_WARN_UNREACHABLE_CODE = YES;
				CLANG_WARN__DUPLICATE_METHOD_MATCH = YES;
				COPY_PHASE_STRIP = NO;
				DEBUG_INFORMATION_FORMAT = "dwarf-with-dsym";
				ENABLE_NS_ASSERTIONS = NO;
				ENABLE_STRICT_OBJC_MSGSEND = YES;
				GCC_C_LANGUAGE_STANDARD = gnu11;
				GCC_NO_COMMON_BLOCKS = YES;
				GCC_WARN_64_TO_32_BIT_CONVERSION = YES;
				GCC_WARN_ABOUT_RETURN_TYPE = YES_ERROR;
				GCC_WARN_UNDECLARED_SELECTOR = YES;
				GCC_WARN_UNINITIALIZED_AUTOS = YES_AGGRESSIVE;
				GCC_WARN_UNUSED_FUNCTION = YES;
				GCC_WARN_UNUSED_VARIABLE = YES;
				MTL_ENABLE_DEBUG_INFO = NO;
				MTL_FAST_MATH = YES;
				SWIFT_COMPILATION_MODE = wholemodule;
				SWIFT_OPTIMIZATION_LEVEL = "-O";
			};
			name = Release;
		};
		39C6043A292769D200A2B1D8 /* Debug */ = {
			isa = XCBuildConfiguration;
			buildSettings = {
				ASSETCATALOG_COMPILER_APPICON_NAME = AppIcon;
				ASSETCATALOG_COMPILER_GLOBAL_ACCENT_COLOR_NAME = AccentColor;
				CODE_SIGN_ENTITLEMENTS = "tedt\\/tedt_.entitlements";
				CODE_SIGN_STYLE = Automatic;
				CURRENT_PROJECT_VERSION = 1;
				DEVELOPMENT_ASSET_PATHS = "\"tedt\\\\/Preview Content\"";
				ENABLE_PREVIEWS = YES;
				GENERATE_INFOPLIST_FILE = YES;
				"INFOPLIST_KEY_UIApplicationSceneManifest_Generation[sdk=iphoneos*]" = YES;
				"INFOPLIST_KEY_UIApplicationSceneManifest_Generation[sdk=iphonesimulator*]" = YES;
				"INFOPLIST_KEY_UIApplicationSupportsIndirectInputEvents[sdk=iphoneos*]" = YES;
				"INFOPLIST_KEY_UIApplicationSupportsIndirectInputEvents[sdk=iphonesimulator*]" = YES;
				"INFOPLIST_KEY_UILaunchScreen_Generation[sdk=iphoneos*]" = YES;
				"INFOPLIST_KEY_UILaunchScreen_Generation[sdk=iphonesimulator*]" = YES;
				"INFOPLIST_KEY_UIStatusBarStyle[sdk=iphoneos*]" = UIStatusBarStyleDefault;
				"INFOPLIST_KEY_UIStatusBarStyle[sdk=iphonesimulator*]" = UIStatusBarStyleDefault;
				INFOPLIST_KEY_UISupportedInterfaceOrientations_iPad = "UIInterfaceOrientationPortrait UIInterfaceOrientationPortraitUpsideDown UIInterfaceOrientationLandscapeLeft UIInterfaceOrientationLandscapeRight";
				INFOPLIST_KEY_UISupportedInterfaceOrientations_iPhone = "UIInterfaceOrientationPortrait UIInterfaceOrientationLandscapeLeft UIInterfaceOrientationLandscapeRight";
				IPHONEOS_DEPLOYMENT_TARGET = 16.1;
				LD_RUNPATH_SEARCH_PATHS = "@executable_path/Frameworks";
				"LD_RUNPATH_SEARCH_PATHS[sdk=macosx*]" = "@executable_path/../Frameworks";
				MACOSX_DEPLOYMENT_TARGET = 13.0;
				MARKETING_VERSION = 1.0;
				PRODUCT_BUNDLE_IDENTIFIER = "sxa.tedt-";
				PRODUCT_NAME = "$(TARGET_NAME)";
				SDKROOT = auto;
				SUPPORTED_PLATFORMS = "iphoneos iphonesimulator macosx";
				SWIFT_EMIT_LOC_STRINGS = YES;
				SWIFT_VERSION = 5.0;
				TARGETED_DEVICE_FAMILY = "1,2";
			};
			name = Debug;
		};
		39C6043B292769D200A2B1D8 /* Release */ = {
			isa = XCBuildConfiguration;
			buildSettings = {
				ASSETCATALOG_COMPILER_APPICON_NAME = AppIcon;
				ASSETCATALOG_COMPILER_GLOBAL_ACCENT_COLOR_NAME = AccentColor;
				CODE_SIGN_ENTITLEMENTS = "tedt\\/tedt_.entitlements";
				CODE_SIGN_STYLE = Automatic;
				CURRENT_PROJECT_VERSION = 1;
				DEVELOPMENT_ASSET_PATHS = "\"tedt\\\\/Preview Content\"";
				ENABLE_PREVIEWS = YES;
				GENERATE_INFOPLIST_FILE = YES;
				"INFOPLIST_KEY_UIApplicationSceneManifest_Generation[sdk=iphoneos*]" = YES;
				"INFOPLIST_KEY_UIApplicationSceneManifest_Generation[sdk=iphonesimulator*]" = YES;
				"INFOPLIST_KEY_UIApplicationSupportsIndirectInputEvents[sdk=iphoneos*]" = YES;
				"INFOPLIST_KEY_UIApplicationSupportsIndirectInputEvents[sdk=iphonesimulator*]" = YES;
				"INFOPLIST_KEY_UILaunchScreen_Generation[sdk=iphoneos*]" = YES;
				"INFOPLIST_KEY_UILaunchScreen_Generation[sdk=iphonesimulator*]" = YES;
				"INFOPLIST_KEY_UIStatusBarStyle[sdk=iphoneos*]" = UIStatusBarStyleDefault;
				"INFOPLIST_KEY_UIStatusBarStyle[sdk=iphonesimulator*]" = UIStatusBarStyleDefault;
				INFOPLIST_KEY_UISupportedInterfaceOrientations_iPad = "UIInterfaceOrientationPortrait UIInterfaceOrientationPortraitUpsideDown UIInterfaceOrientationLandscapeLeft UIInterfaceOrientationLandscapeRight";
				INFOPLIST_KEY_UISupportedInterfaceOrientations_iPhone = "UIInterfaceOrientationPortrait UIInterfaceOrientationLandscapeLeft UIInterfaceOrientationLandscapeRight";
				IPHONEOS_DEPLOYMENT_TARGET = 16.1;
				LD_RUNPATH_SEARCH_PATHS = "@executable_path/Frameworks";
				"LD_RUNPATH_SEARCH_PATHS[sdk=macosx*]" = "@executable_path/../Frameworks";
				MACOSX_DEPLOYMENT_TARGET = 13.0;
				MARKETING_VERSION = 1.0;
				PRODUCT_BUNDLE_IDENTIFIER = "sxa.tedt-";
				PRODUCT_NAME = "$(TARGET_NAME)";
				SDKROOT = auto;
				SUPPORTED_PLATFORMS = "iphoneos iphonesimulator macosx";
				SWIFT_EMIT_LOC_STRINGS = YES;
				SWIFT_VERSION = 5.0;
				TARGETED_DEVICE_FAMILY = "1,2";
			};
			name = Release;
		};
		39C6043D292769D200A2B1D8 /* Debug */ = {
			isa = XCBuildConfiguration;
			buildSettings = {
				ALWAYS_EMBED_SWIFT_STANDARD_LIBRARIES = YES;
				BUNDLE_LOADER = "$(TEST_HOST)";
				CODE_SIGN_STYLE = Automatic;
				CURRENT_PROJECT_VERSION = 1;
				GENERATE_INFOPLIST_FILE = YES;
				IPHONEOS_DEPLOYMENT_TARGET = 16.1;
				MACOSX_DEPLOYMENT_TARGET = 13.0;
				MARKETING_VERSION = 1.0;
				PRODUCT_BUNDLE_IDENTIFIER = "sxa.tedt-Tests";
				PRODUCT_NAME = "$(TARGET_NAME)";
				SDKROOT = auto;
				SUPPORTED_PLATFORMS = "iphoneos iphonesimulator macosx";
				SWIFT_EMIT_LOC_STRINGS = NO;
				SWIFT_VERSION = 5.0;
				TARGETED_DEVICE_FAMILY = "1,2";
				TEST_HOST = "$(BUILT_PRODUCTS_DIR)/tedt\\.app/$(BUNDLE_EXECUTABLE_FOLDER_PATH)/tedt\\";
			};
			name = Debug;
		};
		39C6043E292769D200A2B1D8 /* Release */ = {
			isa = XCBuildConfiguration;
			buildSettings = {
				ALWAYS_EMBED_SWIFT_STANDARD_LIBRARIES = YES;
				BUNDLE_LOADER = "$(TEST_HOST)";
				CODE_SIGN_STYLE = Automatic;
				CURRENT_PROJECT_VERSION = 1;
				GENERATE_INFOPLIST_FILE = YES;
				IPHONEOS_DEPLOYMENT_TARGET = 16.1;
				MACOSX_DEPLOYMENT_TARGET = 13.0;
				MARKETING_VERSION = 1.0;
				PRODUCT_BUNDLE_IDENTIFIER = "sxa.tedt-Tests";
				PRODUCT_NAME = "$(TARGET_NAME)";
				SDKROOT = auto;
				SUPPORTED_PLATFORMS = "iphoneos iphonesimulator macosx";
				SWIFT_EMIT_LOC_STRINGS = NO;
				SWIFT_VERSION = 5.0;
				TARGETED_DEVICE_FAMILY = "1,2";
				TEST_HOST = "$(BUILT_PRODUCTS_DIR)/tedt\\.app/$(BUNDLE_EXECUTABLE_FOLDER_PATH)/tedt\\";
			};
			name = Release;
		};
		39C60440292769D200A2B1D8 /* Debug */ = {
			isa = XCBuildConfiguration;
			buildSettings = {
				ALWAYS_EMBED_SWIFT_STANDARD_LIBRARIES = YES;
				CODE_SIGN_STYLE = Automatic;
				CURRENT_PROJECT_VERSION = 1;
				GENERATE_INFOPLIST_FILE = YES;
				IPHONEOS_DEPLOYMENT_TARGET = 16.1;
				MACOSX_DEPLOYMENT_TARGET = 13.0;
				MARKETING_VERSION = 1.0;
				PRODUCT_BUNDLE_IDENTIFIER = "sxa.tedt-UITests";
				PRODUCT_NAME = "$(TARGET_NAME)";
				SDKROOT = auto;
				SUPPORTED_PLATFORMS = "iphoneos iphonesimulator macosx";
				SWIFT_EMIT_LOC_STRINGS = NO;
				SWIFT_VERSION = 5.0;
				TARGETED_DEVICE_FAMILY = "1,2";
				TEST_TARGET_NAME = "tedt\\";
			};
			name = Debug;
		};
		39C60441292769D200A2B1D8 /* Release */ = {
			isa = XCBuildConfiguration;
			buildSettings = {
				ALWAYS_EMBED_SWIFT_STANDARD_LIBRARIES = YES;
				CODE_SIGN_STYLE = Automatic;
				CURRENT_PROJECT_VERSION = 1;
				GENERATE_INFOPLIST_FILE = YES;
				IPHONEOS_DEPLOYMENT_TARGET = 16.1;
				MACOSX_DEPLOYMENT_TARGET = 13.0;
				MARKETING_VERSION = 1.0;
				PRODUCT_BUNDLE_IDENTIFIER = "sxa.tedt-UITests";
				PRODUCT_NAME = "$(TARGET_NAME)";
				SDKROOT = auto;
				SUPPORTED_PLATFORMS = "iphoneos iphonesimulator macosx";
				SWIFT_EMIT_LOC_STRINGS = NO;
				SWIFT_VERSION = 5.0;
				TARGETED_DEVICE_FAMILY = "1,2";
				TEST_TARGET_NAME = "tedt\\";
			};
			name = Release;
		};
/* End XCBuildConfiguration section */

/* Begin XCConfigurationList section */
		39C6040F292769CE00A2B1D8 /* Build configuration list for PBXProject "tedt\" */ = {
			isa = XCConfigurationList;
			buildConfigurations = (
				39C60437292769D200A2B1D8 /* Debug */,
				39C60438292769D200A2B1D8 /* Release */,
			);
			defaultConfigurationIsVisible = 0;
			defaultConfigurationName = Release;
		};
		39C60439292769D200A2B1D8 /* Build configuration list for PBXNativeTarget "tedt\" */ = {
			isa = XCConfigurationList;
			buildConfigurations = (
				39C6043A292769D200A2B1D8 /* Debug */,
				39C6043B292769D200A2B1D8 /* Release */,
			);
			defaultConfigurationIsVisible = 0;
			defaultConfigurationName = Release;
		};
		39C6043C292769D200A2B1D8 /* Build configuration list for PBXNativeTarget "tedt\Tests" */ = {
			isa = XCConfigurationList;
			buildConfigurations = (
				39C6043D292769D200A2B1D8 /* Debug */,
				39C6043E292769D200A2B1D8 /* Release */,
			);
			defaultConfigurationIsVisible = 0;
			defaultConfigurationName = Release;
		};
		39C6043F292769D200A2B1D8 /* Build configuration list for PBXNativeTarget "tedt\UITests" */ = {
			isa = XCConfigurationList;
			buildConfigurations = (
				39C60440292769D200A2B1D8 /* Debug */,
				39C60441292769D200A2B1D8 /* Release */,
			);
			defaultConfigurationIsVisible = 0;
			defaultConfigurationName = Release;
		};
/* End XCConfigurationList section */
	};
	rootObject = 39C6040C292769CE00A2B1D8 /* Project object */;
}
